
Microsoft Visual Studio Solution File, Format Version 12.00
# Visual Studio 14
VisualStudioVersion = 14.0.25420.1
MinimumVisualStudioVersion = 10.0.40219.1
Project("{FAE04EC0-301F-11D3-BF4B-00C04F79EFBC}") = "WPF_Hello", "WPF_Hello\WPF_Hello.csproj", "{4E7187FC-FA64-4964-966A-35CE3BAA51C4}"
EndProject
Project("{FAE04EC0-301F-11D3-BF4B-00C04F79EFBC}") = "Lab9T1", "Lab9T1\Lab9T1.csproj", "{9528DE20-F168-4D00-853C-A2EB14D4A162}"
EndProject
Project("{FAE04EC0-301F-11D3-BF4B-00C04F79EFBC}") = "Lab9T2", "Lab9T2\Lab9T2.csproj", "{48A15023-7B44-4A65-B961-86818251B269}"
EndProject
Project("{FAE04EC0-301F-11D3-BF4B-00C04F79EFBC}") = "Lab9T3", "Lab9T3\Lab9T3.csproj", "{AF220E1A-C128-4E7A-8655-59986D94BE76}"
EndProject
Project("{FAE04EC0-301F-11D3-BF4B-00C04F79EFBC}") = "Wpf_Polyline", "Wpf_Polyline\Wpf_Polyline.csproj", "{10183420-B9CA-4755-83A6-25F8F00BEC3B}"
EndProject
Project("{FAE04EC0-301F-11D3-BF4B-00C04F79EFBC}") = "Lab10T1", "Lab10T1\Lab10T1.csproj", "{DBA7BC94-B7DD-4964-84CD-E8BB8E366C76}"
EndProject
Project("{FAE04EC0-301F-11D3-BF4B-00C04F79EFBC}") = "Lab10T2", "Lab10T2\Lab10T2.csproj", "{035946DC-CBD4-4D39-A2F0-2BD68E85F34B}"
EndProject
Project("{FAE04EC0-301F-11D3-BF4B-00C04F79EFBC}") = "Lab10T3", "Lab10T3\Lab10T3.csproj", "{B8B2030D-F2ED-4477-8598-F68019C570E1}"
EndProject
Project("{FAE04EC0-301F-11D3-BF4B-00C04F79EFBC}") = "Data_Binding_Demo", "Data_Binding_Demo\Data_Binding_Demo.csproj", "{37D0AA54-4E2F-4C1B-BFA8-0927FABF9C0E}"
EndProject
Project("{FAE04EC0-301F-11D3-BF4B-00C04F79EFBC}") = "Wpf_Demo_X3", "Wpf_Demo_X3\Wpf_Demo_X3.csproj", "{2E44E942-60B4-48FA-A343-18BAD555778E}"
EndProject
Project("{FAE04EC0-301F-11D3-BF4B-00C04F79EFBC}") = "Lab11T3", "Lab11T3\Lab11T3.csproj", "{F3C023D6-5EB1-450A-AE80-428A830EB5B5}"
EndProject
Project("{FAE04EC0-301F-11D3-BF4B-00C04F79EFBC}") = "Lab12Demo1", "Lab12Demo1\Lab12Demo1.csproj", "{3098DB97-C742-4AAE-B199-B969E29BF640}"
EndProject
Global
	GlobalSection(SolutionConfigurationPlatforms) = preSolution
		Debug|Any CPU = Debug|Any CPU
		Release|Any CPU = Release|Any CPU
	EndGlobalSection
	GlobalSection(ProjectConfigurationPlatforms) = postSolution
		{4E7187FC-FA64-4964-966A-35CE3BAA51C4}.Debug|Any CPU.ActiveCfg = Debug|Any CPU
		{4E7187FC-FA64-4964-966A-35CE3BAA51C4}.Debug|Any CPU.Build.0 = Debug|Any CPU
		{4E7187FC-FA64-4964-966A-35CE3BAA51C4}.Release|Any CPU.ActiveCfg = Release|Any CPU
		{4E7187FC-FA64-4964-966A-35CE3BAA51C4}.Release|Any CPU.Build.0 = Release|Any CPU
		{9528DE20-F168-4D00-853C-A2EB14D4A162}.Debug|Any CPU.ActiveCfg = Debug|Any CPU
		{9528DE20-F168-4D00-853C-A2EB14D4A162}.Debug|Any CPU.Build.0 = Debug|Any CPU
		{9528DE20-F168-4D00-853C-A2EB14D4A162}.Release|Any CPU.ActiveCfg = Release|Any CPU
		{9528DE20-F168-4D00-853C-A2EB14D4A162}.Release|Any CPU.Build.0 = Release|Any CPU
		{48A15023-7B44-4A65-B961-86818251B269}.Debug|Any CPU.ActiveCfg = Debug|Any CPU
		{48A15023-7B44-4A65-B961-86818251B269}.Debug|Any CPU.Build.0 = Debug|Any CPU
		{48A15023-7B44-4A65-B961-86818251B269}.Release|Any CPU.ActiveCfg = Release|Any CPU
		{48A15023-7B44-4A65-B961-86818251B269}.Release|Any CPU.Build.0 = Release|Any CPU
		{AF220E1A-C128-4E7A-8655-59986D94BE76}.Debug|Any CPU.ActiveCfg = Debug|Any CPU
		{AF220E1A-C128-4E7A-8655-59986D94BE76}.Debug|Any CPU.Build.0 = Debug|Any CPU
		{AF220E1A-C128-4E7A-8655-59986D94BE76}.Release|Any CPU.ActiveCfg = Release|Any CPU
		{AF220E1A-C128-4E7A-8655-59986D94BE76}.Release|Any CPU.Build.0 = Release|Any CPU
		{10183420-B9CA-4755-83A6-25F8F00BEC3B}.Debug|Any CPU.ActiveCfg = Debug|Any CPU
		{10183420-B9CA-4755-83A6-25F8F00BEC3B}.Debug|Any CPU.Build.0 = Debug|Any CPU
		{10183420-B9CA-4755-83A6-25F8F00BEC3B}.Release|Any CPU.ActiveCfg = Release|Any CPU
		{10183420-B9CA-4755-83A6-25F8F00BEC3B}.Release|Any CPU.Build.0 = Release|Any CPU
		{DBA7BC94-B7DD-4964-84CD-E8BB8E366C76}.Debug|Any CPU.ActiveCfg = Debug|Any CPU
		{DBA7BC94-B7DD-4964-84CD-E8BB8E366C76}.Debug|Any CPU.Build.0 = Debug|Any CPU
		{DBA7BC94-B7DD-4964-84CD-E8BB8E366C76}.Release|Any CPU.ActiveCfg = Release|Any CPU
		{DBA7BC94-B7DD-4964-84CD-E8BB8E366C76}.Release|Any CPU.Build.0 = Release|Any CPU
		{035946DC-CBD4-4D39-A2F0-2BD68E85F34B}.Debug|Any CPU.ActiveCfg = Debug|Any CPU
		{035946DC-CBD4-4D39-A2F0-2BD68E85F34B}.Debug|Any CPU.Build.0 = Debug|Any CPU
		{035946DC-CBD4-4D39-A2F0-2BD68E85F34B}.Release|Any CPU.ActiveCfg = Release|Any CPU
		{035946DC-CBD4-4D39-A2F0-2BD68E85F34B}.Release|Any CPU.Build.0 = Release|Any CPU
		{B8B2030D-F2ED-4477-8598-F68019C570E1}.Debug|Any CPU.ActiveCfg = Debug|Any CPU
		{B8B2030D-F2ED-4477-8598-F68019C570E1}.Debug|Any CPU.Build.0 = Debug|Any CPU
		{B8B2030D-F2ED-4477-8598-F68019C570E1}.Release|Any CPU.ActiveCfg = Release|Any CPU
		{B8B2030D-F2ED-4477-8598-F68019C570E1}.Release|Any CPU.Build.0 = Release|Any CPU
		{37D0AA54-4E2F-4C1B-BFA8-0927FABF9C0E}.Debug|Any CPU.ActiveCfg = Debug|Any CPU
		{37D0AA54-4E2F-4C1B-BFA8-0927FABF9C0E}.Debug|Any CPU.Build.0 = Debug|Any CPU
		{37D0AA54-4E2F-4C1B-BFA8-0927FABF9C0E}.Release|Any CPU.ActiveCfg = Release|Any CPU
		{37D0AA54-4E2F-4C1B-BFA8-0927FABF9C0E}.Release|Any CPU.Build.0 = Release|Any CPU
		{2E44E942-60B4-48FA-A343-18BAD555778E}.Debug|Any CPU.ActiveCfg = Debug|Any CPU
		{2E44E942-60B4-48FA-A343-18BAD555778E}.Debug|Any CPU.Build.0 = Debug|Any CPU
		{2E44E942-60B4-48FA-A343-18BAD555778E}.Release|Any CPU.ActiveCfg = Release|Any CPU
		{2E44E942-60B4-48FA-A343-18BAD555778E}.Release|Any CPU.Build.0 = Release|Any CPU
		{F3C023D6-5EB1-450A-AE80-428A830EB5B5}.Debug|Any CPU.ActiveCfg = Debug|Any CPU
		{F3C023D6-5EB1-450A-AE80-428A830EB5B5}.Debug|Any CPU.Build.0 = Debug|Any CPU
		{F3C023D6-5EB1-450A-AE80-428A830EB5B5}.Release|Any CPU.ActiveCfg = Release|Any CPU
		{F3C023D6-5EB1-450A-AE80-428A830EB5B5}.Release|Any CPU.Build.0 = Release|Any CPU
		{3098DB97-C742-4AAE-B199-B969E29BF640}.Debug|Any CPU.ActiveCfg = Debug|Any CPU
		{3098DB97-C742-4AAE-B199-B969E29BF640}.Debug|Any CPU.Build.0 = Debug|Any CPU
		{3098DB97-C742-4AAE-B199-B969E29BF640}.Release|Any CPU.ActiveCfg = Release|Any CPU
		{3098DB97-C742-4AAE-B199-B969E29BF640}.Release|Any CPU.Build.0 = Release|Any CPU
	EndGlobalSection
	GlobalSection(SolutionProperties) = preSolution
		HideSolutionNode = FALSE
	EndGlobalSection
EndGlobal
